
Microsoft Visual Studio Solution File, Format Version 12.00
# Visual Studio Version 17
VisualStudioVersion = 17.9.34622.214
MinimumVisualStudioVersion = 10.0.40219.1
Project("{FAE04EC0-301F-11D3-BF4B-00C04F79EFBC}") = "ReusableDAL", "ReusableDAL.csproj", "{4F2682AF-48B1-4C85-9344-6E6DAB70A55E}"
EndProject
Global
	GlobalSection(SolutionConfigurationPlatforms) = preSolution
		Debug|Any CPU = Debug|Any CPU
		Release|Any CPU = Release|Any CPU
	EndGlobalSection
	GlobalSection(ProjectConfigurationPlatforms) = postSolution
		{4F2682AF-48B1-4C85-9344-6E6DAB70A55E}.Debug|Any CPU.ActiveCfg = Debug|Any CPU
		{4F2682AF-48B1-4C85-9344-6E6DAB70A55E}.Debug|Any CPU.Build.0 = Debug|Any CPU
		{4F2682AF-48B1-4C85-9344-6E6DAB70A55E}.Release|Any CPU.ActiveCfg = Release|Any CPU
		{4F2682AF-48B1-4C85-9344-6E6DAB70A55E}.Release|Any CPU.Build.0 = Release|Any CPU
	EndGlobalSection
	GlobalSection(SolutionProperties) = preSolution
		HideSolutionNode = FALSE
	EndGlobalSection
	GlobalSection(ExtensibilityGlobals) = postSolution
		SolutionGuid = {2546200F-6E8A-4E5E-96FA-6B9D21A31ABC}
	EndGlobalSection
EndGlobal
